// !$*UTF8*$!
{
	archiveVersion = 1;
	classes = {
	};
	objectVersion = 56;
	objects = {

/* Begin PBXBuildFile section */
		D83F224D2949A30900B560CE /* ErrorResponse.swift in Sources */ = {isa = PBXBuildFile; fileRef = D83F224C2949A30900B560CE /* ErrorResponse.swift */; };
		D83F224F2949AFE600B560CE /* Toast.swift in Sources */ = {isa = PBXBuildFile; fileRef = D83F224E2949AFE600B560CE /* Toast.swift */; };
		D85EB928294C057200D7AD1E /* messages.json in Resources */ = {isa = PBXBuildFile; fileRef = D85EB927294C057200D7AD1E /* messages.json */; };
		D85EB92C294C5FDE00D7AD1E /* Banner.swift in Sources */ = {isa = PBXBuildFile; fileRef = D85EB92B294C5FDE00D7AD1E /* Banner.swift */; };
		D85EB92E294C694300D7AD1E /* Notification.swift in Sources */ = {isa = PBXBuildFile; fileRef = D85EB92D294C694300D7AD1E /* Notification.swift */; };
		D85EB944294D6AE300D7AD1E /* EchoToolbox in Frameworks */ = {isa = PBXBuildFile; productRef = D85EB943294D6AE300D7AD1E /* EchoToolbox */; };
		D85F702F293E2991002DFA3B /* EchoApp.swift in Sources */ = {isa = PBXBuildFile; fileRef = D85F702E293E2991002DFA3B /* EchoApp.swift */; };
		D85F7031293E2991002DFA3B /* MessagesScreen.swift in Sources */ = {isa = PBXBuildFile; fileRef = D85F7030293E2991002DFA3B /* MessagesScreen.swift */; };
		D85F7033293E2992002DFA3B /* Assets.xcassets in Resources */ = {isa = PBXBuildFile; fileRef = D85F7032293E2992002DFA3B /* Assets.xcassets */; };
		D85F7036293E2992002DFA3B /* Preview Assets.xcassets in Resources */ = {isa = PBXBuildFile; fileRef = D85F7035293E2992002DFA3B /* Preview Assets.xcassets */; };
		D8C41C4829476777009CBF6F /* MessagesResponse.swift in Sources */ = {isa = PBXBuildFile; fileRef = D8C41C4729476777009CBF6F /* MessagesResponse.swift */; };
		D8C41C4D2948525F009CBF6F /* User.swift in Sources */ = {isa = PBXBuildFile; fileRef = D8C41C4C2948525F009CBF6F /* User.swift */; };
		D8C41C4F29485264009CBF6F /* Message.swift in Sources */ = {isa = PBXBuildFile; fileRef = D8C41C4E29485264009CBF6F /* Message.swift */; };
		D8C41C51294852C4009CBF6F /* Page.swift in Sources */ = {isa = PBXBuildFile; fileRef = D8C41C50294852C4009CBF6F /* Page.swift */; };
		D8C41C5529487B1F009CBF6F /* MessageCell.swift in Sources */ = {isa = PBXBuildFile; fileRef = D8C41C5429487B1F009CBF6F /* MessageCell.swift */; };
		D8C41C5A29487D8F009CBF6F /* preview.json in Resources */ = {isa = PBXBuildFile; fileRef = D8C41C5929487D8F009CBF6F /* preview.json */; };
/* End PBXBuildFile section */

/* Begin PBXFileReference section */
		D83F224C2949A30900B560CE /* ErrorResponse.swift */ = {isa = PBXFileReference; lastKnownFileType = sourcecode.swift; path = ErrorResponse.swift; sourceTree = "<group>"; };
		D83F224E2949AFE600B560CE /* Toast.swift */ = {isa = PBXFileReference; lastKnownFileType = sourcecode.swift; path = Toast.swift; sourceTree = "<group>"; };
		D85EB927294C057200D7AD1E /* messages.json */ = {isa = PBXFileReference; lastKnownFileType = text.json; path = messages.json; sourceTree = "<group>"; };
		D85EB92B294C5FDE00D7AD1E /* Banner.swift */ = {isa = PBXFileReference; lastKnownFileType = sourcecode.swift; path = Banner.swift; sourceTree = "<group>"; };
		D85EB92D294C694300D7AD1E /* Notification.swift */ = {isa = PBXFileReference; lastKnownFileType = sourcecode.swift; path = Notification.swift; sourceTree = "<group>"; };
		D85F702B293E2991002DFA3B /* echo-ios.app */ = {isa = PBXFileReference; explicitFileType = wrapper.application; includeInIndex = 0; path = "echo-ios.app"; sourceTree = BUILT_PRODUCTS_DIR; };
		D85F702E293E2991002DFA3B /* EchoApp.swift */ = {isa = PBXFileReference; lastKnownFileType = sourcecode.swift; path = EchoApp.swift; sourceTree = "<group>"; };
		D85F7030293E2991002DFA3B /* MessagesScreen.swift */ = {isa = PBXFileReference; lastKnownFileType = sourcecode.swift; path = MessagesScreen.swift; sourceTree = "<group>"; };
		D85F7032293E2992002DFA3B /* Assets.xcassets */ = {isa = PBXFileReference; lastKnownFileType = folder.assetcatalog; path = Assets.xcassets; sourceTree = "<group>"; };
		D85F7035293E2992002DFA3B /* Preview Assets.xcassets */ = {isa = PBXFileReference; lastKnownFileType = folder.assetcatalog; path = "Preview Assets.xcassets"; sourceTree = "<group>"; };
		D8C41C4729476777009CBF6F /* MessagesResponse.swift */ = {isa = PBXFileReference; lastKnownFileType = sourcecode.swift; path = MessagesResponse.swift; sourceTree = "<group>"; };
		D8C41C4C2948525F009CBF6F /* User.swift */ = {isa = PBXFileReference; lastKnownFileType = sourcecode.swift; path = User.swift; sourceTree = "<group>"; };
		D8C41C4E29485264009CBF6F /* Message.swift */ = {isa = PBXFileReference; lastKnownFileType = sourcecode.swift; path = Message.swift; sourceTree = "<group>"; };
		D8C41C50294852C4009CBF6F /* Page.swift */ = {isa = PBXFileReference; lastKnownFileType = sourcecode.swift; path = Page.swift; sourceTree = "<group>"; };
		D8C41C5429487B1F009CBF6F /* MessageCell.swift */ = {isa = PBXFileReference; lastKnownFileType = sourcecode.swift; path = MessageCell.swift; sourceTree = "<group>"; };
		D8C41C5929487D8F009CBF6F /* preview.json */ = {isa = PBXFileReference; lastKnownFileType = text.json; path = preview.json; sourceTree = "<group>"; };
/* End PBXFileReference section */

/* Begin PBXFrameworksBuildPhase section */
		D85F7028293E2991002DFA3B /* Frameworks */ = {
			isa = PBXFrameworksBuildPhase;
			buildActionMask = 2147483647;
			files = (
				D85EB944294D6AE300D7AD1E /* EchoToolbox in Frameworks */,
			);
			runOnlyForDeploymentPostprocessing = 0;
		};
/* End PBXFrameworksBuildPhase section */

/* Begin PBXGroup section */
		D83F22502949B0A700B560CE /* Environment */ = {
			isa = PBXGroup;
			children = (
				D85EB92F294C7B0600D7AD1E /* Toast */,
			);
			path = Environment;
			sourceTree = "<group>";
		};
		D85EB92F294C7B0600D7AD1E /* Toast */ = {
			isa = PBXGroup;
			children = (
				D83F224E2949AFE600B560CE /* Toast.swift */,
				D85EB92B294C5FDE00D7AD1E /* Banner.swift */,
				D85EB92D294C694300D7AD1E /* Notification.swift */,
			);
			path = Toast;
			sourceTree = "<group>";
		};
		D85F7022293E2991002DFA3B = {
			isa = PBXGroup;
			children = (
				D85F702D293E2991002DFA3B /* echo-ios */,
				D85F702C293E2991002DFA3B /* Products */,
			);
			sourceTree = "<group>";
		};
		D85F702C293E2991002DFA3B /* Products */ = {
			isa = PBXGroup;
			children = (
				D85F702B293E2991002DFA3B /* echo-ios.app */,
			);
			name = Products;
			sourceTree = "<group>";
		};
		D85F702D293E2991002DFA3B /* echo-ios */ = {
			isa = PBXGroup;
			children = (
				D85F702E293E2991002DFA3B /* EchoApp.swift */,
				D8C41C3C29472BB9009CBF6F /* Screen */,
				D8C41C3F29472E9B009CBF6F /* View */,
				D8C41C4629476765009CBF6F /* Model */,
				D83F22502949B0A700B560CE /* Environment */,
				D8C41C5629487CE5009CBF6F /* Scene */,
				D85F7032293E2992002DFA3B /* Assets.xcassets */,
				D85F7034293E2992002DFA3B /* Preview Content */,
			);
			path = "echo-ios";
			sourceTree = "<group>";
		};
		D85F7034293E2992002DFA3B /* Preview Content */ = {
			isa = PBXGroup;
			children = (
				D85F7035293E2992002DFA3B /* Preview Assets.xcassets */,
			);
			path = "Preview Content";
			sourceTree = "<group>";
		};
		D8C41C3C29472BB9009CBF6F /* Screen */ = {
			isa = PBXGroup;
			children = (
				D85F7030293E2991002DFA3B /* MessagesScreen.swift */,
			);
			path = Screen;
			sourceTree = "<group>";
		};
		D8C41C3F29472E9B009CBF6F /* View */ = {
			isa = PBXGroup;
			children = (
				D8C41C5429487B1F009CBF6F /* MessageCell.swift */,
			);
			path = View;
			sourceTree = "<group>";
		};
		D8C41C4629476765009CBF6F /* Model */ = {
			isa = PBXGroup;
			children = (
				D8C41C4729476777009CBF6F /* MessagesResponse.swift */,
				D8C41C4E29485264009CBF6F /* Message.swift */,
				D8C41C4C2948525F009CBF6F /* User.swift */,
				D8C41C50294852C4009CBF6F /* Page.swift */,
				D83F224C2949A30900B560CE /* ErrorResponse.swift */,
			);
			path = Model;
			sourceTree = "<group>";
		};
		D8C41C5629487CE5009CBF6F /* Scene */ = {
			isa = PBXGroup;
			children = (
				D85EB927294C057200D7AD1E /* messages.json */,
				D8C41C5929487D8F009CBF6F /* preview.json */,
			);
			path = Scene;
			sourceTree = "<group>";
		};
/* End PBXGroup section */

/* Begin PBXNativeTarget section */
		D85F702A293E2991002DFA3B /* echo-ios */ = {
			isa = PBXNativeTarget;
			buildConfigurationList = D85F7039293E2992002DFA3B /* Build configuration list for PBXNativeTarget "echo-ios" */;
			buildPhases = (
				D85F7027293E2991002DFA3B /* Sources */,
				D85F7028293E2991002DFA3B /* Frameworks */,
				D85F7029293E2991002DFA3B /* Resources */,
			);
			buildRules = (
			);
			dependencies = (
			);
			name = "echo-ios";
			packageProductDependencies = (
				D85EB943294D6AE300D7AD1E /* EchoToolbox */,
			);
			productName = "echo-ios";
			productReference = D85F702B293E2991002DFA3B /* echo-ios.app */;
			productType = "com.apple.product-type.application";
		};
/* End PBXNativeTarget section */

/* Begin PBXProject section */
		D85F7023293E2991002DFA3B /* Project object */ = {
			isa = PBXProject;
			attributes = {
				BuildIndependentTargetsInParallel = 1;
				LastSwiftUpdateCheck = 1410;
				LastUpgradeCheck = 1410;
				TargetAttributes = {
					D85F702A293E2991002DFA3B = {
						CreatedOnToolsVersion = 14.1;
					};
				};
			};
			buildConfigurationList = D85F7026293E2991002DFA3B /* Build configuration list for PBXProject "echo-ios" */;
			compatibilityVersion = "Xcode 14.0";
			developmentRegion = en;
			hasScannedForEncodings = 0;
			knownRegions = (
				en,
				Base,
			);
			mainGroup = D85F7022293E2991002DFA3B;
			packageReferences = (
				D85EB942294D6AE300D7AD1E /* XCRemoteSwiftPackageReference "echo-toolbox" */,
			);
			productRefGroup = D85F702C293E2991002DFA3B /* Products */;
			projectDirPath = "";
			projectRoot = "";
			targets = (
				D85F702A293E2991002DFA3B /* echo-ios */,
			);
		};
/* End PBXProject section */

/* Begin PBXResourcesBuildPhase section */
		D85F7029293E2991002DFA3B /* Resources */ = {
			isa = PBXResourcesBuildPhase;
			buildActionMask = 2147483647;
			files = (
				D85EB928294C057200D7AD1E /* messages.json in Resources */,
				D85F7036293E2992002DFA3B /* Preview Assets.xcassets in Resources */,
				D85F7033293E2992002DFA3B /* Assets.xcassets in Resources */,
				D8C41C5A29487D8F009CBF6F /* preview.json in Resources */,
			);
			runOnlyForDeploymentPostprocessing = 0;
		};
/* End PBXResourcesBuildPhase section */

/* Begin PBXSourcesBuildPhase section */
		D85F7027293E2991002DFA3B /* Sources */ = {
			isa = PBXSourcesBuildPhase;
			buildActionMask = 2147483647;
			files = (
				D85F7031293E2991002DFA3B /* MessagesScreen.swift in Sources */,
				D8C41C5529487B1F009CBF6F /* MessageCell.swift in Sources */,
				D85EB92C294C5FDE00D7AD1E /* Banner.swift in Sources */,
				D8C41C4829476777009CBF6F /* MessagesResponse.swift in Sources */,
				D8C41C4F29485264009CBF6F /* Message.swift in Sources */,
				D8C41C51294852C4009CBF6F /* Page.swift in Sources */,
				D83F224D2949A30900B560CE /* ErrorResponse.swift in Sources */,
				D85EB92E294C694300D7AD1E /* Notification.swift in Sources */,
				D83F224F2949AFE600B560CE /* Toast.swift in Sources */,
				D8C41C4D2948525F009CBF6F /* User.swift in Sources */,
				D85F702F293E2991002DFA3B /* EchoApp.swift in Sources */,
			);
			runOnlyForDeploymentPostprocessing = 0;
		};
/* End PBXSourcesBuildPhase section */

/* Begin XCBuildConfiguration section */
		D85F7037293E2992002DFA3B /* Debug */ = {
			isa = XCBuildConfiguration;
			buildSettings = {
				ALWAYS_SEARCH_USER_PATHS = NO;
				CLANG_ANALYZER_NONNULL = YES;
				CLANG_ANALYZER_NUMBER_OBJECT_CONVERSION = YES_AGGRESSIVE;
				CLANG_CXX_LANGUAGE_STANDARD = "gnu++20";
				CLANG_ENABLE_MODULES = YES;
				CLANG_ENABLE_OBJC_ARC = YES;
				CLANG_ENABLE_OBJC_WEAK = YES;
				CLANG_WARN_BLOCK_CAPTURE_AUTORELEASING = YES;
				CLANG_WARN_BOOL_CONVERSION = YES;
				CLANG_WARN_COMMA = YES;
				CLANG_WARN_CONSTANT_CONVERSION = YES;
				CLANG_WARN_DEPRECATED_OBJC_IMPLEMENTATIONS = YES;
				CLANG_WARN_DIRECT_OBJC_ISA_USAGE = YES_ERROR;
				CLANG_WARN_DOCUMENTATION_COMMENTS = YES;
				CLANG_WARN_EMPTY_BODY = YES;
				CLANG_WARN_ENUM_CONVERSION = YES;
				CLANG_WARN_INFINITE_RECURSION = YES;
				CLANG_WARN_INT_CONVERSION = YES;
				CLANG_WARN_NON_LITERAL_NULL_CONVERSION = YES;
				CLANG_WARN_OBJC_IMPLICIT_RETAIN_SELF = YES;
				CLANG_WARN_OBJC_LITERAL_CONVERSION = YES;
				CLANG_WARN_OBJC_ROOT_CLASS = YES_ERROR;
				CLANG_WARN_QUOTED_INCLUDE_IN_FRAMEWORK_HEADER = YES;
				CLANG_WARN_RANGE_LOOP_ANALYSIS = YES;
				CLANG_WARN_STRICT_PROTOTYPES = YES;
				CLANG_WARN_SUSPICIOUS_MOVE = YES;
				CLANG_WARN_UNGUARDED_AVAILABILITY = YES_AGGRESSIVE;
				CLANG_WARN_UNREACHABLE_CODE = YES;
				CLANG_WARN__DUPLICATE_METHOD_MATCH = YES;
				COPY_PHASE_STRIP = NO;
				DEBUG_INFORMATION_FORMAT = dwarf;
				ENABLE_STRICT_OBJC_MSGSEND = YES;
				ENABLE_TESTABILITY = YES;
				GCC_C_LANGUAGE_STANDARD = gnu11;
				GCC_DYNAMIC_NO_PIC = NO;
				GCC_NO_COMMON_BLOCKS = YES;
				GCC_OPTIMIZATION_LEVEL = 0;
				GCC_PREPROCESSOR_DEFINITIONS = (
					"DEBUG=1",
					"$(inherited)",
				);
				GCC_WARN_64_TO_32_BIT_CONVERSION = YES;
				GCC_WARN_ABOUT_RETURN_TYPE = YES_ERROR;
				GCC_WARN_UNDECLARED_SELECTOR = YES;
				GCC_WARN_UNINITIALIZED_AUTOS = YES_AGGRESSIVE;
				GCC_WARN_UNUSED_FUNCTION = YES;
				GCC_WARN_UNUSED_VARIABLE = YES;
				IPHONEOS_DEPLOYMENT_TARGET = 16.1;
				MTL_ENABLE_DEBUG_INFO = INCLUDE_SOURCE;
				MTL_FAST_MATH = YES;
				ONLY_ACTIVE_ARCH = YES;
				SDKROOT = iphoneos;
				SWIFT_ACTIVE_COMPILATION_CONDITIONS = DEBUG;
				SWIFT_OPTIMIZATION_LEVEL = "-Onone";
			};
			name = Debug;
		};
		D85F7038293E2992002DFA3B /* Release */ = {
			isa = XCBuildConfiguration;
			buildSettings = {
				ALWAYS_SEARCH_USER_PATHS = NO;
				CLANG_ANALYZER_NONNULL = YES;
				CLANG_ANALYZER_NUMBER_OBJECT_CONVERSION = YES_AGGRESSIVE;
				CLANG_CXX_LANGUAGE_STANDARD = "gnu++20";
				CLANG_ENABLE_MODULES = YES;
				CLANG_ENABLE_OBJC_ARC = YES;
				CLANG_ENABLE_OBJC_WEAK = YES;
				CLANG_WARN_BLOCK_CAPTURE_AUTORELEASING = YES;
				CLANG_WARN_BOOL_CONVERSION = YES;
				CLANG_WARN_COMMA = YES;
				CLANG_WARN_CONSTANT_CONVERSION = YES;
				CLANG_WARN_DEPRECATED_OBJC_IMPLEMENTATIONS = YES;
				CLANG_WARN_DIRECT_OBJC_ISA_USAGE = YES_ERROR;
				CLANG_WARN_DOCUMENTATION_COMMENTS = YES;
				CLANG_WARN_EMPTY_BODY = YES;
				CLANG_WARN_ENUM_CONVERSION = YES;
				CLANG_WARN_INFINITE_RECURSION = YES;
				CLANG_WARN_INT_CONVERSION = YES;
				CLANG_WARN_NON_LITERAL_NULL_CONVERSION = YES;
				CLANG_WARN_OBJC_IMPLICIT_RETAIN_SELF = YES;
				CLANG_WARN_OBJC_LITERAL_CONVERSION = YES;
				CLANG_WARN_OBJC_ROOT_CLASS = YES_ERROR;
				CLANG_WARN_QUOTED_INCLUDE_IN_FRAMEWORK_HEADER = YES;
				CLANG_WARN_RANGE_LOOP_ANALYSIS = YES;
				CLANG_WARN_STRICT_PROTOTYPES = YES;
				CLANG_WARN_SUSPICIOUS_MOVE = YES;
				CLANG_WARN_UNGUARDED_AVAILABILITY = YES_AGGRESSIVE;
				CLANG_WARN_UNREACHABLE_CODE = YES;
				CLANG_WARN__DUPLICATE_METHOD_MATCH = YES;
				COPY_PHASE_STRIP = NO;
				DEBUG_INFORMATION_FORMAT = "dwarf-with-dsym";
				ENABLE_NS_ASSERTIONS = NO;
				ENABLE_STRICT_OBJC_MSGSEND = YES;
				GCC_C_LANGUAGE_STANDARD = gnu11;
				GCC_NO_COMMON_BLOCKS = YES;
				GCC_WARN_64_TO_32_BIT_CONVERSION = YES;
				GCC_WARN_ABOUT_RETURN_TYPE = YES_ERROR;
				GCC_WARN_UNDECLARED_SELECTOR = YES;
				GCC_WARN_UNINITIALIZED_AUTOS = YES_AGGRESSIVE;
				GCC_WARN_UNUSED_FUNCTION = YES;
				GCC_WARN_UNUSED_VARIABLE = YES;
				IPHONEOS_DEPLOYMENT_TARGET = 16.1;
				MTL_ENABLE_DEBUG_INFO = NO;
				MTL_FAST_MATH = YES;
				SDKROOT = iphoneos;
				SWIFT_COMPILATION_MODE = wholemodule;
				SWIFT_OPTIMIZATION_LEVEL = "-O";
				VALIDATE_PRODUCT = YES;
			};
			name = Release;
		};
		D85F703A293E2992002DFA3B /* Debug */ = {
			isa = XCBuildConfiguration;
			buildSettings = {
				ASSETCATALOG_COMPILER_APPICON_NAME = AppIcon;
				ASSETCATALOG_COMPILER_GLOBAL_ACCENT_COLOR_NAME = AccentColor;
				CODE_SIGN_STYLE = Automatic;
				CURRENT_PROJECT_VERSION = 1;
				DEVELOPMENT_ASSET_PATHS = "\"echo-ios/Preview Content\"";
				DEVELOPMENT_TEAM = 8GJ6756DU9;
				ENABLE_PREVIEWS = YES;
				GENERATE_INFOPLIST_FILE = YES;
				INFOPLIST_FILE = "echo-ios/Info.plist";
				INFOPLIST_KEY_UIApplicationSceneManifest_Generation = YES;
				INFOPLIST_KEY_UIApplicationSupportsIndirectInputEvents = YES;
				INFOPLIST_KEY_UISupportedInterfaceOrientations = UIInterfaceOrientationPortrait;
				INFOPLIST_KEY_UISupportedInterfaceOrientations_iPad = "UIInterfaceOrientationLandscapeLeft UIInterfaceOrientationLandscapeRight UIInterfaceOrientationPortrait UIInterfaceOrientationPortraitUpsideDown";
				IPHONEOS_DEPLOYMENT_TARGET = 16.0;
				LD_RUNPATH_SEARCH_PATHS = (
					"$(inherited)",
					"@executable_path/Frameworks",
				);
				MARKETING_VERSION = 1.0;
				PRODUCT_BUNDLE_IDENTIFIER = "jp.co.rolan.echo-ios";
				PRODUCT_NAME = "$(TARGET_NAME)";
				SWIFT_EMIT_LOC_STRINGS = YES;
				SWIFT_VERSION = 5.0;
				TARGETED_DEVICE_FAMILY = "1,2";
			};
			name = Debug;
		};
		D85F703B293E2992002DFA3B /* Release */ = {
			isa = XCBuildConfiguration;
			buildSettings = {
				ASSETCATALOG_COMPILER_APPICON_NAME = AppIcon;
				ASSETCATALOG_COMPILER_GLOBAL_ACCENT_COLOR_NAME = AccentColor;
				CODE_SIGN_STYLE = Automatic;
				CURRENT_PROJECT_VERSION = 1;
				DEVELOPMENT_ASSET_PATHS = "\"echo-ios/Preview Content\"";
				DEVELOPMENT_TEAM = 8GJ6756DU9;
				ENABLE_PREVIEWS = YES;
				GENERATE_INFOPLIST_FILE = YES;
				INFOPLIST_FILE = "echo-ios/Info.plist";
				INFOPLIST_KEY_UIApplicationSceneManifest_Generation = YES;
				INFOPLIST_KEY_UIApplicationSupportsIndirectInputEvents = YES;
				INFOPLIST_KEY_UISupportedInterfaceOrientations = UIInterfaceOrientationPortrait;
				INFOPLIST_KEY_UISupportedInterfaceOrientations_iPad = "UIInterfaceOrientationLandscapeLeft UIInterfaceOrientationLandscapeRight UIInterfaceOrientationPortrait UIInterfaceOrientationPortraitUpsideDown";
				IPHONEOS_DEPLOYMENT_TARGET = 16.0;
				LD_RUNPATH_SEARCH_PATHS = (
					"$(inherited)",
					"@executable_path/Frameworks",
				);
				MARKETING_VERSION = 1.0;
				PRODUCT_BUNDLE_IDENTIFIER = "jp.co.rolan.echo-ios";
				PRODUCT_NAME = "$(TARGET_NAME)";
				SWIFT_EMIT_LOC_STRINGS = YES;
				SWIFT_VERSION = 5.0;
				TARGETED_DEVICE_FAMILY = "1,2";
			};
			name = Release;
		};
/* End XCBuildConfiguration section */

/* Begin XCConfigurationList section */
		D85F7026293E2991002DFA3B /* Build configuration list for PBXProject "echo-ios" */ = {
			isa = XCConfigurationList;
			buildConfigurations = (
				D85F7037293E2992002DFA3B /* Debug */,
				D85F7038293E2992002DFA3B /* Release */,
			);
			defaultConfigurationIsVisible = 0;
			defaultConfigurationName = Release;
		};
		D85F7039293E2992002DFA3B /* Build configuration list for PBXNativeTarget "echo-ios" */ = {
			isa = XCConfigurationList;
			buildConfigurations = (
				D85F703A293E2992002DFA3B /* Debug */,
				D85F703B293E2992002DFA3B /* Release */,
			);
			defaultConfigurationIsVisible = 0;
			defaultConfigurationName = Release;
		};
/* End XCConfigurationList section */

/* Begin XCRemoteSwiftPackageReference section */
		D85EB942294D6AE300D7AD1E /* XCRemoteSwiftPackageReference "echo-toolbox" */ = {
			isa = XCRemoteSwiftPackageReference;
			repositoryURL = "https://github.com/tom-e-kid/echo-toolbox.git";
			requirement = {
				branch = main;
				kind = branch;
			};
		};
/* End XCRemoteSwiftPackageReference section */

/* Begin XCSwiftPackageProductDependency section */
		D85EB943294D6AE300D7AD1E /* EchoToolbox */ = {
			isa = XCSwiftPackageProductDependency;
			package = D85EB942294D6AE300D7AD1E /* XCRemoteSwiftPackageReference "echo-toolbox" */;
			productName = EchoToolbox;
		};
/* End XCSwiftPackageProductDependency section */
	};
	rootObject = D85F7023293E2991002DFA3B /* Project object */;
}
